
Microsoft Visual Studio Solution File, Format Version 12.00
# Visual Studio Version 17
VisualStudioVersion = 17.4.33213.308
MinimumVisualStudioVersion = 10.0.40219.1
Project("{9A19103F-16F7-4668-BE54-9A1E7A4F7556}") = "ForcWebApi", "ForcWebApi\ForcWebApi.csproj", "{9597371A-4031-4CB4-9A30-BB8EA180302D}"
EndProject
Global
	GlobalSection(SolutionConfigurationPlatforms) = preSolution
		Debug|Any CPU = Debug|Any CPU
		Release|Any CPU = Release|Any CPU
	EndGlobalSection
	GlobalSection(ProjectConfigurationPlatforms) = postSolution
		{9597371A-4031-4CB4-9A30-BB8EA180302D}.Debug|Any CPU.ActiveCfg = Debug|Any CPU
		{9597371A-4031-4CB4-9A30-BB8EA180302D}.Debug|Any CPU.Build.0 = Debug|Any CPU
		{9597371A-4031-4CB4-9A30-BB8EA180302D}.Release|Any CPU.ActiveCfg = Release|Any CPU
		{9597371A-4031-4CB4-9A30-BB8EA180302D}.Release|Any CPU.Build.0 = Release|Any CPU
	EndGlobalSection
	GlobalSection(SolutionProperties) = preSolution
		HideSolutionNode = FALSE
	EndGlobalSection
	GlobalSection(ExtensibilityGlobals) = postSolution
		SolutionGuid = {6A536BD4-4C43-4C38-95AF-C45F5C808CAE}
	EndGlobalSection
EndGlobal
